
Microsoft Visual Studio Solution File, Format Version 12.00
# Visual Studio Version 17
VisualStudioVersion = 17.9.34728.123
MinimumVisualStudioVersion = 10.0.40219.1
Project("{9A19103F-16F7-4668-BE54-9A1E7A4F7556}") = "Accapt", "Accapt\Accapt.csproj", "{A388AF36-531B-4AF7-8EDF-522B2D80E261}"
EndProject
Project("{9A19103F-16F7-4668-BE54-9A1E7A4F7556}") = "Accapt.DataLayer", "Accapt.DataLayer\Accapt.DataLayer.csproj", "{47400930-DE7B-4405-B8BA-9DCCBE451733}"
EndProject
Project("{9A19103F-16F7-4668-BE54-9A1E7A4F7556}") = "Accapt.Api", "Accapt.Api\Accapt.Api.csproj", "{7ABB225F-798A-43D2-9FDD-0F819FDCC49E}"
EndProject
Project("{9A19103F-16F7-4668-BE54-9A1E7A4F7556}") = "Accapt.Core", "Accapt.Core\Accapt.Core.csproj", "{E1CF9E82-E9F2-45A9-A45F-0FDA05A116AD}"
EndProject
Project("{9A19103F-16F7-4668-BE54-9A1E7A4F7556}") = "Accapt.Mobile", "Accapt.Mobile\Accapt.Mobile.csproj", "{6BD7C23B-6960-4A3F-8E5F-8B341E1F1852}"
EndProject
Project("{FAE04EC0-301F-11D3-BF4B-00C04F79EFBC}") = "GenerateKeyApp", "GenerateKeyApp\GenerateKeyApp.csproj", "{DE2070D5-5B83-4EAF-BF70-ED27BCB06CAB}"
EndProject
Global
	GlobalSection(SolutionConfigurationPlatforms) = preSolution
		Debug|Any CPU = Debug|Any CPU
		Release|Any CPU = Release|Any CPU
	EndGlobalSection
	GlobalSection(ProjectConfigurationPlatforms) = postSolution
		{A388AF36-531B-4AF7-8EDF-522B2D80E261}.Debug|Any CPU.ActiveCfg = Debug|Any CPU
		{A388AF36-531B-4AF7-8EDF-522B2D80E261}.Debug|Any CPU.Build.0 = Debug|Any CPU
		{A388AF36-531B-4AF7-8EDF-522B2D80E261}.Release|Any CPU.ActiveCfg = Release|Any CPU
		{A388AF36-531B-4AF7-8EDF-522B2D80E261}.Release|Any CPU.Build.0 = Release|Any CPU
		{47400930-DE7B-4405-B8BA-9DCCBE451733}.Debug|Any CPU.ActiveCfg = Debug|Any CPU
		{47400930-DE7B-4405-B8BA-9DCCBE451733}.Debug|Any CPU.Build.0 = Debug|Any CPU
		{47400930-DE7B-4405-B8BA-9DCCBE451733}.Release|Any CPU.ActiveCfg = Release|Any CPU
		{47400930-DE7B-4405-B8BA-9DCCBE451733}.Release|Any CPU.Build.0 = Release|Any CPU
		{7ABB225F-798A-43D2-9FDD-0F819FDCC49E}.Debug|Any CPU.ActiveCfg = Debug|Any CPU
		{7ABB225F-798A-43D2-9FDD-0F819FDCC49E}.Debug|Any CPU.Build.0 = Debug|Any CPU
		{7ABB225F-798A-43D2-9FDD-0F819FDCC49E}.Release|Any CPU.ActiveCfg = Release|Any CPU
		{7ABB225F-798A-43D2-9FDD-0F819FDCC49E}.Release|Any CPU.Build.0 = Release|Any CPU
		{E1CF9E82-E9F2-45A9-A45F-0FDA05A116AD}.Debug|Any CPU.ActiveCfg = Debug|Any CPU
		{E1CF9E82-E9F2-45A9-A45F-0FDA05A116AD}.Debug|Any CPU.Build.0 = Debug|Any CPU
		{E1CF9E82-E9F2-45A9-A45F-0FDA05A116AD}.Release|Any CPU.ActiveCfg = Release|Any CPU
		{E1CF9E82-E9F2-45A9-A45F-0FDA05A116AD}.Release|Any CPU.Build.0 = Release|Any CPU
		{6BD7C23B-6960-4A3F-8E5F-8B341E1F1852}.Debug|Any CPU.ActiveCfg = Debug|Any CPU
		{6BD7C23B-6960-4A3F-8E5F-8B341E1F1852}.Debug|Any CPU.Build.0 = Debug|Any CPU
		{6BD7C23B-6960-4A3F-8E5F-8B341E1F1852}.Debug|Any CPU.Deploy.0 = Debug|Any CPU
		{6BD7C23B-6960-4A3F-8E5F-8B341E1F1852}.Release|Any CPU.ActiveCfg = Release|Any CPU
		{6BD7C23B-6960-4A3F-8E5F-8B341E1F1852}.Release|Any CPU.Build.0 = Release|Any CPU
		{6BD7C23B-6960-4A3F-8E5F-8B341E1F1852}.Release|Any CPU.Deploy.0 = Release|Any CPU
		{DE2070D5-5B83-4EAF-BF70-ED27BCB06CAB}.Debug|Any CPU.ActiveCfg = Debug|Any CPU
		{DE2070D5-5B83-4EAF-BF70-ED27BCB06CAB}.Debug|Any CPU.Build.0 = Debug|Any CPU
		{DE2070D5-5B83-4EAF-BF70-ED27BCB06CAB}.Release|Any CPU.ActiveCfg = Release|Any CPU
		{DE2070D5-5B83-4EAF-BF70-ED27BCB06CAB}.Release|Any CPU.Build.0 = Release|Any CPU
	EndGlobalSection
	GlobalSection(SolutionProperties) = preSolution
		HideSolutionNode = FALSE
	EndGlobalSection
	GlobalSection(ExtensibilityGlobals) = postSolution
		SolutionGuid = {F7B286A7-9A83-464B-B68A-89CEB2C16C0E}
	EndGlobalSection
EndGlobal
